
Microsoft Visual Studio Solution File, Format Version 12.00
# Visual Studio 15
VisualStudioVersion = 15.0.28307.902
MinimumVisualStudioVersion = 10.0.40219.1
Project("{8BC9CEB8-8B4A-11D0-8D11-00A0C91BC942}") = "Task1", "LABB4\LABB4.vcxproj", "{2EF4619C-5612-4544-AFB3-84B1E22836EC}"
EndProject
Project("{8BC9CEB8-8B4A-11D0-8D11-00A0C91BC942}") = "Task2", "Task2\Task2.vcxproj", "{D09866CF-47FD-4B83-9C64-D65DF4E5B3A3}"
EndProject
Project("{8BC9CEB8-8B4A-11D0-8D11-00A0C91BC942}") = "Task3", "Task3\Task3.vcxproj", "{CC816527-5DFA-4D6B-AD81-298EE8B1158C}"
EndProject
Project("{8BC9CEB8-8B4A-11D0-8D11-00A0C91BC942}") = "Task4", "Task4\Task4.vcxproj", "{DC904E5C-B939-4055-9EAA-E46E395A5479}"
EndProject
Global
	GlobalSection(SolutionConfigurationPlatforms) = preSolution
		Debug|x64 = Debug|x64
		Debug|x86 = Debug|x86
		Release|x64 = Release|x64
		Release|x86 = Release|x86
	EndGlobalSection
	GlobalSection(ProjectConfigurationPlatforms) = postSolution
		{2EF4619C-5612-4544-AFB3-84B1E22836EC}.Debug|x64.ActiveCfg = Debug|x64
		{2EF4619C-5612-4544-AFB3-84B1E22836EC}.Debug|x64.Build.0 = Debug|x64
		{2EF4619C-5612-4544-AFB3-84B1E22836EC}.Debug|x86.ActiveCfg = Debug|Win32
		{2EF4619C-5612-4544-AFB3-84B1E22836EC}.Debug|x86.Build.0 = Debug|Win32
		{2EF4619C-5612-4544-AFB3-84B1E22836EC}.Release|x64.ActiveCfg = Release|x64
		{2EF4619C-5612-4544-AFB3-84B1E22836EC}.Release|x64.Build.0 = Release|x64
		{2EF4619C-5612-4544-AFB3-84B1E22836EC}.Release|x86.ActiveCfg = Release|Win32
		{2EF4619C-5612-4544-AFB3-84B1E22836EC}.Release|x86.Build.0 = Release|Win32
		{D09866CF-47FD-4B83-9C64-D65DF4E5B3A3}.Debug|x64.ActiveCfg = Debug|x64
		{D09866CF-47FD-4B83-9C64-D65DF4E5B3A3}.Debug|x64.Build.0 = Debug|x64
		{D09866CF-47FD-4B83-9C64-D65DF4E5B3A3}.Debug|x86.ActiveCfg = Debug|Win32
		{D09866CF-47FD-4B83-9C64-D65DF4E5B3A3}.Debug|x86.Build.0 = Debug|Win32
		{D09866CF-47FD-4B83-9C64-D65DF4E5B3A3}.Release|x64.ActiveCfg = Release|x64
		{D09866CF-47FD-4B83-9C64-D65DF4E5B3A3}.Release|x64.Build.0 = Release|x64
		{D09866CF-47FD-4B83-9C64-D65DF4E5B3A3}.Release|x86.ActiveCfg = Release|Win32
		{D09866CF-47FD-4B83-9C64-D65DF4E5B3A3}.Release|x86.Build.0 = Release|Win32
		{CC816527-5DFA-4D6B-AD81-298EE8B1158C}.Debug|x64.ActiveCfg = Debug|x64
		{CC816527-5DFA-4D6B-AD81-298EE8B1158C}.Debug|x64.Build.0 = Debug|x64
		{CC816527-5DFA-4D6B-AD81-298EE8B1158C}.Debug|x86.ActiveCfg = Debug|Win32
		{CC816527-5DFA-4D6B-AD81-298EE8B1158C}.Debug|x86.Build.0 = Debug|Win32
		{CC816527-5DFA-4D6B-AD81-298EE8B1158C}.Release|x64.ActiveCfg = Release|x64
		{CC816527-5DFA-4D6B-AD81-298EE8B1158C}.Release|x64.Build.0 = Release|x64
		{CC816527-5DFA-4D6B-AD81-298EE8B1158C}.Release|x86.ActiveCfg = Release|Win32
		{CC816527-5DFA-4D6B-AD81-298EE8B1158C}.Release|x86.Build.0 = Release|Win32
		{DC904E5C-B939-4055-9EAA-E46E395A5479}.Debug|x64.ActiveCfg = Debug|x64
		{DC904E5C-B939-4055-9EAA-E46E395A5479}.Debug|x64.Build.0 = Debug|x64
		{DC904E5C-B939-4055-9EAA-E46E395A5479}.Debug|x86.ActiveCfg = Debug|Win32
		{DC904E5C-B939-4055-9EAA-E46E395A5479}.Debug|x86.Build.0 = Debug|Win32
		{DC904E5C-B939-4055-9EAA-E46E395A5479}.Release|x64.ActiveCfg = Release|x64
		{DC904E5C-B939-4055-9EAA-E46E395A5479}.Release|x64.Build.0 = Release|x64
		{DC904E5C-B939-4055-9EAA-E46E395A5479}.Release|x86.ActiveCfg = Release|Win32
		{DC904E5C-B939-4055-9EAA-E46E395A5479}.Release|x86.Build.0 = Release|Win32
	EndGlobalSection
	GlobalSection(SolutionProperties) = preSolution
		HideSolutionNode = FALSE
	EndGlobalSection
	GlobalSection(ExtensibilityGlobals) = postSolution
		SolutionGuid = {7D35012C-4DE0-43F2-8A23-71DBA0F29F9D}
	EndGlobalSection
EndGlobal
